{
  "name": "miranda",
  "version": "0.0.1",
  "lockfileVersion": 2,
  "requires": true,
  "packages": {
    "": {
      "name": "miranda",
      "version": "0.0.1",
      "license": "ISC",
      "devDependencies": {
        "jquery": "1.11.1",
        "jquery-ui": "1.13.2"
      }
    },
    "node_modules/jquery": {
      "version": "1.11.1",
      "resolved": "https://registry.npmjs.org/jquery/-/jquery-1.11.1.tgz",
      "integrity": "sha512-vQfIKd5rOo2OVWkGQpcO16VRebvOiY801IzUiO6Yo89cRraqO+XE0BhvURLubLfla1GnifhLy/fGkcJ0k9kGog==",
      "dev": true
    },
    "node_modules/jquery-ui": {
      "version": "1.13.2",
      "resolved": "https://registry.npmjs.org/jquery-ui/-/jquery-ui-1.13.2.tgz",
      "integrity": "sha512-wBZPnqWs5GaYJmo1Jj0k/mrSkzdQzKDwhXNtHKcBdAcKVxMM3KNYFq+iJ2i1rwiG53Z8M4mTn3Qxrm17uH1D4Q==",
      "dev": true,
      "dependencies": {
        "jquery": ">=1.8.0 <4.0.0"
      }
    }
  },
  "dependencies": {
    "jquery": {
      "version": "1.11.1",
      "resolved": "https://registry.npmjs.org/jquery/-/jquery-1.11.1.tgz",
      "integrity": "sha512-vQfIKd5rOo2OVWkGQpcO16VRebvOiY801IzUiO6Yo89cRraqO+XE0BhvURLubLfla1GnifhLy/fGkcJ0k9kGog==",
      "dev": true
    },
    "jquery-ui": {
      "version": "1.13.2",
      "resolved": "https://registry.npmjs.org/jquery-ui/-/jquery-ui-1.13.2.tgz",
      "integrity": "sha512-wBZPnqWs5GaYJmo1Jj0k/mrSkzdQzKDwhXNtHKcBdAcKVxMM3KNYFq+iJ2i1rwiG53Z8M4mTn3Qxrm17uH1D4Q==",
      "dev": true,
      "requires": {
        "jquery": ">=1.8.0 <4.0.0"
      }
    }
  }
}
